
Microsoft Visual Studio Solution File, Format Version 12.00
Project("{2150E333-8FDC-42A3-9474-1A3956D46DE8}") = "Src", "Src", "{136AF96E-4786-41C3-A74F-171603BFCA48}"
EndProject
Project("{2150E333-8FDC-42A3-9474-1A3956D46DE8}") = "Tests", "Tests", "{2BFA6EBA-BAE8-45CB-96DB-2730ABF03C3D}"
EndProject
Project("{2150E333-8FDC-42A3-9474-1A3956D46DE8}") = "Gateways", "Gateways", "{6B63DE56-E3D2-4BC8-9B85-1417CF8103C7}"
EndProject
Project("{2150E333-8FDC-42A3-9474-1A3956D46DE8}") = "Services", "Services", "{26E313CB-8771-409B-A6C3-418A1687D465}"
EndProject
Project("{FAE04EC0-301F-11D3-BF4B-00C04F79EFBC}") = "Infrastructure", "Src\Infrastructure\Infrastructure.csproj", "{6DECA01A-6DA0-4C74-B45A-160CA9DCB785}"
EndProject
Project("{2150E333-8FDC-42A3-9474-1A3956D46DE8}") = "SolutionItems", "SolutionItems", "{BB62B0B0-4532-4992-8815-49F6F7E55E0A}"
	ProjectSection(SolutionItems) = preProject
		.editorconfig = .editorconfig
		.gitignore = .gitignore
		Directory.Build.props = Directory.Build.props
		Directory.Packages.props = Directory.Packages.props
		global.json = global.json
		README.md = README.md
		.env = .env
		.env.example = .env.example
		docker-compose.dev.yml = docker-compose.dev.yml
	EndProjectSection
EndProject
Project("{2150E333-8FDC-42A3-9474-1A3956D46DE8}") = "AuthService", "AuthService", "{77276791-89D4-4599-940B-BF4C1F59891B}"
EndProject
Project("{2150E333-8FDC-42A3-9474-1A3956D46DE8}") = "Dnd5eService", "Dnd5eService", "{45505217-96E8-4018-BDD3-BEDBADF3F646}"
EndProject
Project("{2150E333-8FDC-42A3-9474-1A3956D46DE8}") = "EmailService", "EmailService", "{9F7D47C7-0427-4167-A923-69942AF1B0FA}"
EndProject
Project("{FAE04EC0-301F-11D3-BF4B-00C04F79EFBC}") = "Shared", "Src\Shared\Shared.csproj", "{82BF8CD1-A376-4985-8619-ADCB7C415166}"
EndProject
Project("{2150E333-8FDC-42A3-9474-1A3956D46DE8}") = "ApiGateway", "ApiGateway", "{AC853AE6-C749-400D-A534-DC8DF69909F2}"
EndProject
Project("{FAE04EC0-301F-11D3-BF4B-00C04F79EFBC}") = "AuthService.Tests", "Tests\AuthService.Tests\AuthService.Tests.csproj", "{9EE5BF05-BBBD-47DD-9010-3BAE8F326546}"
EndProject
Project("{FAE04EC0-301F-11D3-BF4B-00C04F79EFBC}") = "Dnd5eService.Tests", "Tests\Dnd5eService.Tests\Dnd5eService.Tests.csproj", "{4174F66D-4EDA-40C9-928F-0C4F274C32D7}"
EndProject
Project("{FAE04EC0-301F-11D3-BF4B-00C04F79EFBC}") = "EmailService.Tests", "Tests\EmailService.Tests\EmailService.Tests.csproj", "{CDD03C42-1FCB-46CD-BF8B-7035342E259C}"
EndProject
Project("{FAE04EC0-301F-11D3-BF4B-00C04F79EFBC}") = "ApiGateway.Tests", "Tests\ApiGateway.Tests\ApiGateway.Tests.csproj", "{798953B7-9083-47F0-A870-DC305B831D16}"
EndProject
Project("{FAE04EC0-301F-11D3-BF4B-00C04F79EFBC}") = "ApiGateway.Domain", "Src\Gateways\ApiGateway\ApiGateway.Domain\ApiGateway.Domain.csproj", "{234A35A8-AB86-4C65-9F7E-26F6CA69A905}"
EndProject
Project("{FAE04EC0-301F-11D3-BF4B-00C04F79EFBC}") = "ApiGateway.Infrastructure", "Src\Gateways\ApiGateway\ApiGateway.Infrastructure\ApiGateway.Infrastructure.csproj", "{42EB6746-32E5-4746-A29D-9037C3D953C8}"
EndProject
Project("{FAE04EC0-301F-11D3-BF4B-00C04F79EFBC}") = "ApiGateway.Application", "Src\Gateways\ApiGateway\ApiGateway.Application\ApiGateway.Application.csproj", "{17CA9530-BEE0-4996-961D-F5E2C63A1E3B}"
EndProject
Project("{FAE04EC0-301F-11D3-BF4B-00C04F79EFBC}") = "ApiGateway.Web", "Src\Gateways\ApiGateway\ApiGateway.Web\ApiGateway.Web.csproj", "{F1060947-A1FC-464E-9749-6B4129ABB045}"
EndProject
Project("{FAE04EC0-301F-11D3-BF4B-00C04F79EFBC}") = "AuthService.Domain", "Src\Services\AuthService\AuthService.Domain\AuthService.Domain.csproj", "{7CAAEFE7-C203-49B5-8149-BE0745946361}"
EndProject
Project("{FAE04EC0-301F-11D3-BF4B-00C04F79EFBC}") = "AuthService.Infrastructure", "Src\Services\AuthService\AuthService.Infrastructure\AuthService.Infrastructure.csproj", "{B1182276-1E35-416F-B7A0-A6D3E26BFFA1}"
EndProject
Project("{FAE04EC0-301F-11D3-BF4B-00C04F79EFBC}") = "AuthService.Application", "Src\Services\AuthService\AuthService.Application\AuthService.Application.csproj", "{DBB85A4C-FBDB-45D8-91FE-0371FA4F0071}"
EndProject
Project("{FAE04EC0-301F-11D3-BF4B-00C04F79EFBC}") = "AuthService.Web", "Src\Services\AuthService\AuthService.Web\AuthService.Web.csproj", "{C900539C-4073-4A96-86D1-FDD2951DF88E}"
EndProject
Project("{FAE04EC0-301F-11D3-BF4B-00C04F79EFBC}") = "Dnd5eService.Domain", "Src\Services\Dnd5eService\Dnd5eService.Domain\Dnd5eService.Domain.csproj", "{A3066FE8-168D-4E34-878C-387E65DA5EF9}"
EndProject
Project("{FAE04EC0-301F-11D3-BF4B-00C04F79EFBC}") = "Dnd5eService.Infrastructure", "Src\Services\Dnd5eService\Dnd5eService.Infrastructure\Dnd5eService.Infrastructure.csproj", "{748DA0AC-169A-4263-96C0-C01FB687F33C}"
EndProject
Project("{FAE04EC0-301F-11D3-BF4B-00C04F79EFBC}") = "Dnd5eService.Application", "Src\Services\Dnd5eService\Dnd5eService.Application\Dnd5eService.Application.csproj", "{6459028E-1062-4169-8767-D84442DE6BB1}"
EndProject
Project("{FAE04EC0-301F-11D3-BF4B-00C04F79EFBC}") = "Dnd5eService.Web", "Src\Services\Dnd5eService\Dnd5eService.Web\Dnd5eService.Web.csproj", "{EB52BAAC-A415-49C1-A112-4A1624F9078D}"
EndProject
Project("{FAE04EC0-301F-11D3-BF4B-00C04F79EFBC}") = "EmailService.Domain", "Src\Services\EmailService\EmailService.Domain\EmailService.Domain.csproj", "{BB25D8AB-4925-4E9E-8656-2C3CB62E09BD}"
EndProject
Project("{FAE04EC0-301F-11D3-BF4B-00C04F79EFBC}") = "EmailService.Infrastructure", "Src\Services\EmailService\EmailService.Infrastructure\EmailService.Infrastructure.csproj", "{4E54D298-95AC-492E-8C7A-72081F37E658}"
EndProject
Project("{FAE04EC0-301F-11D3-BF4B-00C04F79EFBC}") = "EmailService.Application", "Src\Services\EmailService\EmailService.Application\EmailService.Application.csproj", "{DB1108B1-391E-4F86-B6CB-97B90517CC01}"
EndProject
Project("{FAE04EC0-301F-11D3-BF4B-00C04F79EFBC}") = "EmailService.Worker", "Src\Services\EmailService\EmailService.Worker\EmailService.Worker.csproj", "{05D52AA1-6438-4462-AC47-681B813F06D1}"
EndProject
Project("{FAE04EC0-301F-11D3-BF4B-00C04F79EFBC}") = "Tests.Shared", "Tests\Tests.Shared\Tests.Shared.csproj", "{FB39A466-29F8-4964-9A25-075A369402E5}"
EndProject
Global
	GlobalSection(SolutionConfigurationPlatforms) = preSolution
		Debug|Any CPU = Debug|Any CPU
		Release|Any CPU = Release|Any CPU
	EndGlobalSection
	GlobalSection(NestedProjects) = preSolution
		{6B63DE56-E3D2-4BC8-9B85-1417CF8103C7} = {136AF96E-4786-41C3-A74F-171603BFCA48}
		{26E313CB-8771-409B-A6C3-418A1687D465} = {136AF96E-4786-41C3-A74F-171603BFCA48}
		{6DECA01A-6DA0-4C74-B45A-160CA9DCB785} = {136AF96E-4786-41C3-A74F-171603BFCA48}
		{77276791-89D4-4599-940B-BF4C1F59891B} = {26E313CB-8771-409B-A6C3-418A1687D465}
		{45505217-96E8-4018-BDD3-BEDBADF3F646} = {26E313CB-8771-409B-A6C3-418A1687D465}
		{9F7D47C7-0427-4167-A923-69942AF1B0FA} = {26E313CB-8771-409B-A6C3-418A1687D465}
		{82BF8CD1-A376-4985-8619-ADCB7C415166} = {136AF96E-4786-41C3-A74F-171603BFCA48}
		{AC853AE6-C749-400D-A534-DC8DF69909F2} = {6B63DE56-E3D2-4BC8-9B85-1417CF8103C7}
		{9EE5BF05-BBBD-47DD-9010-3BAE8F326546} = {2BFA6EBA-BAE8-45CB-96DB-2730ABF03C3D}
		{4174F66D-4EDA-40C9-928F-0C4F274C32D7} = {2BFA6EBA-BAE8-45CB-96DB-2730ABF03C3D}
		{CDD03C42-1FCB-46CD-BF8B-7035342E259C} = {2BFA6EBA-BAE8-45CB-96DB-2730ABF03C3D}
		{798953B7-9083-47F0-A870-DC305B831D16} = {2BFA6EBA-BAE8-45CB-96DB-2730ABF03C3D}
		{234A35A8-AB86-4C65-9F7E-26F6CA69A905} = {AC853AE6-C749-400D-A534-DC8DF69909F2}
		{42EB6746-32E5-4746-A29D-9037C3D953C8} = {AC853AE6-C749-400D-A534-DC8DF69909F2}
		{17CA9530-BEE0-4996-961D-F5E2C63A1E3B} = {AC853AE6-C749-400D-A534-DC8DF69909F2}
		{F1060947-A1FC-464E-9749-6B4129ABB045} = {AC853AE6-C749-400D-A534-DC8DF69909F2}
		{7CAAEFE7-C203-49B5-8149-BE0745946361} = {77276791-89D4-4599-940B-BF4C1F59891B}
		{B1182276-1E35-416F-B7A0-A6D3E26BFFA1} = {77276791-89D4-4599-940B-BF4C1F59891B}
		{DBB85A4C-FBDB-45D8-91FE-0371FA4F0071} = {77276791-89D4-4599-940B-BF4C1F59891B}
		{C900539C-4073-4A96-86D1-FDD2951DF88E} = {77276791-89D4-4599-940B-BF4C1F59891B}
		{A3066FE8-168D-4E34-878C-387E65DA5EF9} = {45505217-96E8-4018-BDD3-BEDBADF3F646}
		{748DA0AC-169A-4263-96C0-C01FB687F33C} = {45505217-96E8-4018-BDD3-BEDBADF3F646}
		{6459028E-1062-4169-8767-D84442DE6BB1} = {45505217-96E8-4018-BDD3-BEDBADF3F646}
		{EB52BAAC-A415-49C1-A112-4A1624F9078D} = {45505217-96E8-4018-BDD3-BEDBADF3F646}
		{BB25D8AB-4925-4E9E-8656-2C3CB62E09BD} = {9F7D47C7-0427-4167-A923-69942AF1B0FA}
		{4E54D298-95AC-492E-8C7A-72081F37E658} = {9F7D47C7-0427-4167-A923-69942AF1B0FA}
		{DB1108B1-391E-4F86-B6CB-97B90517CC01} = {9F7D47C7-0427-4167-A923-69942AF1B0FA}
		{05D52AA1-6438-4462-AC47-681B813F06D1} = {9F7D47C7-0427-4167-A923-69942AF1B0FA}
		{FB39A466-29F8-4964-9A25-075A369402E5} = {2BFA6EBA-BAE8-45CB-96DB-2730ABF03C3D}
	EndGlobalSection
	GlobalSection(ProjectConfigurationPlatforms) = postSolution
		{6DECA01A-6DA0-4C74-B45A-160CA9DCB785}.Debug|Any CPU.ActiveCfg = Debug|Any CPU
		{6DECA01A-6DA0-4C74-B45A-160CA9DCB785}.Debug|Any CPU.Build.0 = Debug|Any CPU
		{6DECA01A-6DA0-4C74-B45A-160CA9DCB785}.Release|Any CPU.ActiveCfg = Release|Any CPU
		{6DECA01A-6DA0-4C74-B45A-160CA9DCB785}.Release|Any CPU.Build.0 = Release|Any CPU
		{82BF8CD1-A376-4985-8619-ADCB7C415166}.Debug|Any CPU.ActiveCfg = Debug|Any CPU
		{82BF8CD1-A376-4985-8619-ADCB7C415166}.Debug|Any CPU.Build.0 = Debug|Any CPU
		{82BF8CD1-A376-4985-8619-ADCB7C415166}.Release|Any CPU.ActiveCfg = Release|Any CPU
		{82BF8CD1-A376-4985-8619-ADCB7C415166}.Release|Any CPU.Build.0 = Release|Any CPU
		{9EE5BF05-BBBD-47DD-9010-3BAE8F326546}.Debug|Any CPU.ActiveCfg = Debug|Any CPU
		{9EE5BF05-BBBD-47DD-9010-3BAE8F326546}.Debug|Any CPU.Build.0 = Debug|Any CPU
		{9EE5BF05-BBBD-47DD-9010-3BAE8F326546}.Release|Any CPU.ActiveCfg = Release|Any CPU
		{9EE5BF05-BBBD-47DD-9010-3BAE8F326546}.Release|Any CPU.Build.0 = Release|Any CPU
		{4174F66D-4EDA-40C9-928F-0C4F274C32D7}.Debug|Any CPU.ActiveCfg = Debug|Any CPU
		{4174F66D-4EDA-40C9-928F-0C4F274C32D7}.Debug|Any CPU.Build.0 = Debug|Any CPU
		{4174F66D-4EDA-40C9-928F-0C4F274C32D7}.Release|Any CPU.ActiveCfg = Release|Any CPU
		{4174F66D-4EDA-40C9-928F-0C4F274C32D7}.Release|Any CPU.Build.0 = Release|Any CPU
		{CDD03C42-1FCB-46CD-BF8B-7035342E259C}.Debug|Any CPU.ActiveCfg = Debug|Any CPU
		{CDD03C42-1FCB-46CD-BF8B-7035342E259C}.Debug|Any CPU.Build.0 = Debug|Any CPU
		{CDD03C42-1FCB-46CD-BF8B-7035342E259C}.Release|Any CPU.ActiveCfg = Release|Any CPU
		{CDD03C42-1FCB-46CD-BF8B-7035342E259C}.Release|Any CPU.Build.0 = Release|Any CPU
		{798953B7-9083-47F0-A870-DC305B831D16}.Debug|Any CPU.ActiveCfg = Debug|Any CPU
		{798953B7-9083-47F0-A870-DC305B831D16}.Debug|Any CPU.Build.0 = Debug|Any CPU
		{798953B7-9083-47F0-A870-DC305B831D16}.Release|Any CPU.ActiveCfg = Release|Any CPU
		{798953B7-9083-47F0-A870-DC305B831D16}.Release|Any CPU.Build.0 = Release|Any CPU
		{234A35A8-AB86-4C65-9F7E-26F6CA69A905}.Debug|Any CPU.ActiveCfg = Debug|Any CPU
		{234A35A8-AB86-4C65-9F7E-26F6CA69A905}.Debug|Any CPU.Build.0 = Debug|Any CPU
		{234A35A8-AB86-4C65-9F7E-26F6CA69A905}.Release|Any CPU.ActiveCfg = Release|Any CPU
		{234A35A8-AB86-4C65-9F7E-26F6CA69A905}.Release|Any CPU.Build.0 = Release|Any CPU
		{42EB6746-32E5-4746-A29D-9037C3D953C8}.Debug|Any CPU.ActiveCfg = Debug|Any CPU
		{42EB6746-32E5-4746-A29D-9037C3D953C8}.Debug|Any CPU.Build.0 = Debug|Any CPU
		{42EB6746-32E5-4746-A29D-9037C3D953C8}.Release|Any CPU.ActiveCfg = Release|Any CPU
		{42EB6746-32E5-4746-A29D-9037C3D953C8}.Release|Any CPU.Build.0 = Release|Any CPU
		{17CA9530-BEE0-4996-961D-F5E2C63A1E3B}.Debug|Any CPU.ActiveCfg = Debug|Any CPU
		{17CA9530-BEE0-4996-961D-F5E2C63A1E3B}.Debug|Any CPU.Build.0 = Debug|Any CPU
		{17CA9530-BEE0-4996-961D-F5E2C63A1E3B}.Release|Any CPU.ActiveCfg = Release|Any CPU
		{17CA9530-BEE0-4996-961D-F5E2C63A1E3B}.Release|Any CPU.Build.0 = Release|Any CPU
		{F1060947-A1FC-464E-9749-6B4129ABB045}.Debug|Any CPU.ActiveCfg = Debug|Any CPU
		{F1060947-A1FC-464E-9749-6B4129ABB045}.Debug|Any CPU.Build.0 = Debug|Any CPU
		{F1060947-A1FC-464E-9749-6B4129ABB045}.Release|Any CPU.ActiveCfg = Release|Any CPU
		{F1060947-A1FC-464E-9749-6B4129ABB045}.Release|Any CPU.Build.0 = Release|Any CPU
		{7CAAEFE7-C203-49B5-8149-BE0745946361}.Debug|Any CPU.ActiveCfg = Debug|Any CPU
		{7CAAEFE7-C203-49B5-8149-BE0745946361}.Debug|Any CPU.Build.0 = Debug|Any CPU
		{7CAAEFE7-C203-49B5-8149-BE0745946361}.Release|Any CPU.ActiveCfg = Release|Any CPU
		{7CAAEFE7-C203-49B5-8149-BE0745946361}.Release|Any CPU.Build.0 = Release|Any CPU
		{B1182276-1E35-416F-B7A0-A6D3E26BFFA1}.Debug|Any CPU.ActiveCfg = Debug|Any CPU
		{B1182276-1E35-416F-B7A0-A6D3E26BFFA1}.Debug|Any CPU.Build.0 = Debug|Any CPU
		{B1182276-1E35-416F-B7A0-A6D3E26BFFA1}.Release|Any CPU.ActiveCfg = Release|Any CPU
		{B1182276-1E35-416F-B7A0-A6D3E26BFFA1}.Release|Any CPU.Build.0 = Release|Any CPU
		{DBB85A4C-FBDB-45D8-91FE-0371FA4F0071}.Debug|Any CPU.ActiveCfg = Debug|Any CPU
		{DBB85A4C-FBDB-45D8-91FE-0371FA4F0071}.Debug|Any CPU.Build.0 = Debug|Any CPU
		{DBB85A4C-FBDB-45D8-91FE-0371FA4F0071}.Release|Any CPU.ActiveCfg = Release|Any CPU
		{DBB85A4C-FBDB-45D8-91FE-0371FA4F0071}.Release|Any CPU.Build.0 = Release|Any CPU
		{C900539C-4073-4A96-86D1-FDD2951DF88E}.Debug|Any CPU.ActiveCfg = Debug|Any CPU
		{C900539C-4073-4A96-86D1-FDD2951DF88E}.Debug|Any CPU.Build.0 = Debug|Any CPU
		{C900539C-4073-4A96-86D1-FDD2951DF88E}.Release|Any CPU.ActiveCfg = Release|Any CPU
		{C900539C-4073-4A96-86D1-FDD2951DF88E}.Release|Any CPU.Build.0 = Release|Any CPU
		{A3066FE8-168D-4E34-878C-387E65DA5EF9}.Debug|Any CPU.ActiveCfg = Debug|Any CPU
		{A3066FE8-168D-4E34-878C-387E65DA5EF9}.Debug|Any CPU.Build.0 = Debug|Any CPU
		{A3066FE8-168D-4E34-878C-387E65DA5EF9}.Release|Any CPU.ActiveCfg = Release|Any CPU
		{A3066FE8-168D-4E34-878C-387E65DA5EF9}.Release|Any CPU.Build.0 = Release|Any CPU
		{748DA0AC-169A-4263-96C0-C01FB687F33C}.Debug|Any CPU.ActiveCfg = Debug|Any CPU
		{748DA0AC-169A-4263-96C0-C01FB687F33C}.Debug|Any CPU.Build.0 = Debug|Any CPU
		{748DA0AC-169A-4263-96C0-C01FB687F33C}.Release|Any CPU.ActiveCfg = Release|Any CPU
		{748DA0AC-169A-4263-96C0-C01FB687F33C}.Release|Any CPU.Build.0 = Release|Any CPU
		{6459028E-1062-4169-8767-D84442DE6BB1}.Debug|Any CPU.ActiveCfg = Debug|Any CPU
		{6459028E-1062-4169-8767-D84442DE6BB1}.Debug|Any CPU.Build.0 = Debug|Any CPU
		{6459028E-1062-4169-8767-D84442DE6BB1}.Release|Any CPU.ActiveCfg = Release|Any CPU
		{6459028E-1062-4169-8767-D84442DE6BB1}.Release|Any CPU.Build.0 = Release|Any CPU
		{EB52BAAC-A415-49C1-A112-4A1624F9078D}.Debug|Any CPU.ActiveCfg = Debug|Any CPU
		{EB52BAAC-A415-49C1-A112-4A1624F9078D}.Debug|Any CPU.Build.0 = Debug|Any CPU
		{EB52BAAC-A415-49C1-A112-4A1624F9078D}.Release|Any CPU.ActiveCfg = Release|Any CPU
		{EB52BAAC-A415-49C1-A112-4A1624F9078D}.Release|Any CPU.Build.0 = Release|Any CPU
		{BB25D8AB-4925-4E9E-8656-2C3CB62E09BD}.Debug|Any CPU.ActiveCfg = Debug|Any CPU
		{BB25D8AB-4925-4E9E-8656-2C3CB62E09BD}.Debug|Any CPU.Build.0 = Debug|Any CPU
		{BB25D8AB-4925-4E9E-8656-2C3CB62E09BD}.Release|Any CPU.ActiveCfg = Release|Any CPU
		{BB25D8AB-4925-4E9E-8656-2C3CB62E09BD}.Release|Any CPU.Build.0 = Release|Any CPU
		{4E54D298-95AC-492E-8C7A-72081F37E658}.Debug|Any CPU.ActiveCfg = Debug|Any CPU
		{4E54D298-95AC-492E-8C7A-72081F37E658}.Debug|Any CPU.Build.0 = Debug|Any CPU
		{4E54D298-95AC-492E-8C7A-72081F37E658}.Release|Any CPU.ActiveCfg = Release|Any CPU
		{4E54D298-95AC-492E-8C7A-72081F37E658}.Release|Any CPU.Build.0 = Release|Any CPU
		{DB1108B1-391E-4F86-B6CB-97B90517CC01}.Debug|Any CPU.ActiveCfg = Debug|Any CPU
		{DB1108B1-391E-4F86-B6CB-97B90517CC01}.Debug|Any CPU.Build.0 = Debug|Any CPU
		{DB1108B1-391E-4F86-B6CB-97B90517CC01}.Release|Any CPU.ActiveCfg = Release|Any CPU
		{DB1108B1-391E-4F86-B6CB-97B90517CC01}.Release|Any CPU.Build.0 = Release|Any CPU
		{05D52AA1-6438-4462-AC47-681B813F06D1}.Debug|Any CPU.ActiveCfg = Debug|Any CPU
		{05D52AA1-6438-4462-AC47-681B813F06D1}.Debug|Any CPU.Build.0 = Debug|Any CPU
		{05D52AA1-6438-4462-AC47-681B813F06D1}.Release|Any CPU.ActiveCfg = Release|Any CPU
		{05D52AA1-6438-4462-AC47-681B813F06D1}.Release|Any CPU.Build.0 = Release|Any CPU
		{FB39A466-29F8-4964-9A25-075A369402E5}.Debug|Any CPU.ActiveCfg = Debug|Any CPU
		{FB39A466-29F8-4964-9A25-075A369402E5}.Debug|Any CPU.Build.0 = Debug|Any CPU
		{FB39A466-29F8-4964-9A25-075A369402E5}.Release|Any CPU.ActiveCfg = Release|Any CPU
		{FB39A466-29F8-4964-9A25-075A369402E5}.Release|Any CPU.Build.0 = Release|Any CPU
	EndGlobalSection
EndGlobal
